
Microsoft Visual Studio Solution File, Format Version 12.00
Project("{2150E333-8FDC-42A3-9474-1A3956D46DE8}") = "Solution Items", "Solution Items", "{C5F11076-799D-4BC4-B6A0-A1551347086F}"
	ProjectSection(SolutionItems) = preProject
		LICENSE.txt = LICENSE.txt
		README.md = README.md
	EndProjectSection
EndProject
Project("{FAE04EC0-301F-11D3-BF4B-00C04F79EFBC}") = "ZDK.EntityFrameworkCore.ConstraintsBuilder.SqlServer", "ZDK.EntityFrameworkCore.ConstraintsBuilder.SqlServer\ZDK.EntityFrameworkCore.ConstraintsBuilder.SqlServer.csproj", "{578E23F9-DCF7-4471-9D18-391F2E38D3C2}"
EndProject
Global
	GlobalSection(SolutionConfigurationPlatforms) = preSolution
		Debug|Any CPU = Debug|Any CPU
		Release|Any CPU = Release|Any CPU
	EndGlobalSection
	GlobalSection(ProjectConfigurationPlatforms) = postSolution
		{578E23F9-DCF7-4471-9D18-391F2E38D3C2}.Debug|Any CPU.ActiveCfg = Debug|Any CPU
		{578E23F9-DCF7-4471-9D18-391F2E38D3C2}.Debug|Any CPU.Build.0 = Debug|Any CPU
		{578E23F9-DCF7-4471-9D18-391F2E38D3C2}.Release|Any CPU.ActiveCfg = Release|Any CPU
		{578E23F9-DCF7-4471-9D18-391F2E38D3C2}.Release|Any CPU.Build.0 = Release|Any CPU
	EndGlobalSection
EndGlobal
